
Microsoft Visual Studio Solution File, Format Version 12.00
# Visual Studio Version 16
VisualStudioVersion = 16.0.31911.196
MinimumVisualStudioVersion = 10.0.40219.1
Project("{2150E333-8FDC-42A3-9474-1A3956D46DE8}") = "Singleton", "Singleton", "{BEA021D8-6938-4832-89AD-1E31C2499D2A}"
EndProject
Project("{9A19103F-16F7-4668-BE54-9A1E7A4F7556}") = "DesignPatterns.Singleton", "Singleton\DesignPatterns.Singleton\DesignPatterns.Singleton.csproj", "{66B625FC-7334-4737-B44D-78E3A261F170}"
EndProject
Project("{2150E333-8FDC-42A3-9474-1A3956D46DE8}") = "FactoryMethod", "FactoryMethod", "{949EE0A4-9B6B-41C0-9598-82A329427626}"
EndProject
Project("{9A19103F-16F7-4668-BE54-9A1E7A4F7556}") = "DesignPatterns.FactoryMethod", "FactoryMethod\DesignPatterns.FactoryMethod\DesignPatterns.FactoryMethod.csproj", "{8D6E6B9F-FB91-4B4D-9AF0-B65EC6CB0300}"
EndProject
Project("{2150E333-8FDC-42A3-9474-1A3956D46DE8}") = "AbstractFactory", "AbstractFactory", "{689C3D2D-1F9E-4C0D-A139-EC2B52357943}"
EndProject
Project("{9A19103F-16F7-4668-BE54-9A1E7A4F7556}") = "DesignPatterns.AbstractFactory", "AbstractFactory\DesignPatterns.AbstractFactory\DesignPatterns.AbstractFactory.csproj", "{1F759B0B-4366-40BF-815E-3B4D73464A22}"
EndProject
Project("{2150E333-8FDC-42A3-9474-1A3956D46DE8}") = "Prototype", "Prototype", "{A9D83249-2C23-4479-8418-EAA5BA38C72D}"
EndProject
Project("{9A19103F-16F7-4668-BE54-9A1E7A4F7556}") = "DesignPatterns.Prototype", "Prototype\DesignPatterns.Prototype\DesignPatterns.Prototype.csproj", "{0317BFDC-DB48-4132-B1F1-2B323051A498}"
EndProject
Project("{2150E333-8FDC-42A3-9474-1A3956D46DE8}") = "Builder", "Builder", "{4070B41D-D57E-46F2-80DE-BDE61EF8703B}"
EndProject
Project("{9A19103F-16F7-4668-BE54-9A1E7A4F7556}") = "DesignPatterns.Builder", "Builder\DesignPatterns.Builder\DesignPatterns.Builder.csproj", "{5BE30C7B-7F75-4BD3-ADD0-5D404277EE03}"
EndProject
Project("{2150E333-8FDC-42A3-9474-1A3956D46DE8}") = "Facade", "Facade", "{5DE9061C-D371-4A5C-899F-06A67F6BFAE8}"
EndProject
Project("{9A19103F-16F7-4668-BE54-9A1E7A4F7556}") = "DesignPatterns.Facade", "Facade\DesignPatterns.Facade\DesignPatterns.Facade.csproj", "{5D1C7611-CAFB-4ACA-8CCD-88875E448C44}"
EndProject
Project("{2150E333-8FDC-42A3-9474-1A3956D46DE8}") = "Adapter", "Adapter", "{912AE0A9-85EB-4D61-AE9C-A12B6A32F874}"
EndProject
Project("{9A19103F-16F7-4668-BE54-9A1E7A4F7556}") = "DesignPatterns.Adapter", "Adapter\DesignPatterns.Adapter\DesignPatterns.Adapter.csproj", "{FDECFD90-D50E-4F28-9CD2-AF5406078ECD}"
EndProject
Project("{2150E333-8FDC-42A3-9474-1A3956D46DE8}") = "Proxy", "Proxy", "{FDFFCB36-01B4-4571-BB0C-49C3813F4CEB}"
EndProject
Project("{9A19103F-16F7-4668-BE54-9A1E7A4F7556}") = "DesignPatterns.Proxy", "Proxy\DesignPatterns.Proxy\DesignPatterns.Proxy.csproj", "{97B0D96D-C4EE-4CDD-A1F9-701D106CBE4E}"
EndProject
Project("{2150E333-8FDC-42A3-9474-1A3956D46DE8}") = "Decorator", "Decorator", "{3669350A-3E89-40B3-923E-9E1874BEC4FE}"
EndProject
Project("{9A19103F-16F7-4668-BE54-9A1E7A4F7556}") = "DesignPatterns.Decorator", "Decorator\DesignPatterns.Decorator\DesignPatterns.Decorator.csproj", "{70339D77-1662-447B-81D5-9E40CDE5F02A}"
EndProject
Project("{2150E333-8FDC-42A3-9474-1A3956D46DE8}") = "FluentInterface", "FluentInterface", "{9F09CF45-C80B-4B72-96F1-CD03B57D66A7}"
EndProject
Project("{9A19103F-16F7-4668-BE54-9A1E7A4F7556}") = "DesignPatterns.FluentInterface", "FluentInterface\DesignPatterns.FluentInterface\DesignPatterns.FluentInterface.csproj", "{4B9DA728-B05F-4CBE-96B2-907839AF57C9}"
EndProject
Project("{2150E333-8FDC-42A3-9474-1A3956D46DE8}") = "CQRSWithMediator", "CQRSWithMediator", "{12F8CF5D-7C67-40EA-A4BF-182F94E93418}"
EndProject
Project("{9A19103F-16F7-4668-BE54-9A1E7A4F7556}") = "DesignPatterns.CQRSWithMediator", "CQRSWithMediator\DesignPatterns.CQRSWithMediator\DesignPatterns.CQRSWithMediator.csproj", "{C812A757-6BBC-4038-AC44-05FE80ED74EF}"
EndProject
Project("{2150E333-8FDC-42A3-9474-1A3956D46DE8}") = "Strategy", "Strategy", "{D7391DA2-1D35-4128-9828-398F226F8251}"
EndProject
Project("{FAE04EC0-301F-11D3-BF4B-00C04F79EFBC}") = "DesignPatterns.Strategy", "Strategy\DesignPatterns.Strategy\DesignPatterns.Strategy.csproj", "{E79A4B55-0AC7-4E93-A3C1-BE7C098448A6}"
EndProject
Project("{2150E333-8FDC-42A3-9474-1A3956D46DE8}") = "Observer", "Observer", "{7AA7352D-C9C2-4D41-A69B-0813C1F42DDD}"
EndProject
Project("{FAE04EC0-301F-11D3-BF4B-00C04F79EFBC}") = "DesignPatterns.Observer", "Observer\DesignPatterns.Observer\DesignPatterns.Observer.csproj", "{9D7A788A-7CE4-4BE9-AF2D-23284A587166}"
EndProject
Global
	GlobalSection(SolutionConfigurationPlatforms) = preSolution
		Debug|Any CPU = Debug|Any CPU
		Release|Any CPU = Release|Any CPU
	EndGlobalSection
	GlobalSection(ProjectConfigurationPlatforms) = postSolution
		{66B625FC-7334-4737-B44D-78E3A261F170}.Debug|Any CPU.ActiveCfg = Debug|Any CPU
		{66B625FC-7334-4737-B44D-78E3A261F170}.Debug|Any CPU.Build.0 = Debug|Any CPU
		{66B625FC-7334-4737-B44D-78E3A261F170}.Release|Any CPU.ActiveCfg = Release|Any CPU
		{66B625FC-7334-4737-B44D-78E3A261F170}.Release|Any CPU.Build.0 = Release|Any CPU
		{8D6E6B9F-FB91-4B4D-9AF0-B65EC6CB0300}.Debug|Any CPU.ActiveCfg = Debug|Any CPU
		{8D6E6B9F-FB91-4B4D-9AF0-B65EC6CB0300}.Debug|Any CPU.Build.0 = Debug|Any CPU
		{8D6E6B9F-FB91-4B4D-9AF0-B65EC6CB0300}.Release|Any CPU.ActiveCfg = Release|Any CPU
		{8D6E6B9F-FB91-4B4D-9AF0-B65EC6CB0300}.Release|Any CPU.Build.0 = Release|Any CPU
		{1F759B0B-4366-40BF-815E-3B4D73464A22}.Debug|Any CPU.ActiveCfg = Debug|Any CPU
		{1F759B0B-4366-40BF-815E-3B4D73464A22}.Debug|Any CPU.Build.0 = Debug|Any CPU
		{1F759B0B-4366-40BF-815E-3B4D73464A22}.Release|Any CPU.ActiveCfg = Release|Any CPU
		{1F759B0B-4366-40BF-815E-3B4D73464A22}.Release|Any CPU.Build.0 = Release|Any CPU
		{0317BFDC-DB48-4132-B1F1-2B323051A498}.Debug|Any CPU.ActiveCfg = Debug|Any CPU
		{0317BFDC-DB48-4132-B1F1-2B323051A498}.Debug|Any CPU.Build.0 = Debug|Any CPU
		{0317BFDC-DB48-4132-B1F1-2B323051A498}.Release|Any CPU.ActiveCfg = Release|Any CPU
		{0317BFDC-DB48-4132-B1F1-2B323051A498}.Release|Any CPU.Build.0 = Release|Any CPU
		{5BE30C7B-7F75-4BD3-ADD0-5D404277EE03}.Debug|Any CPU.ActiveCfg = Debug|Any CPU
		{5BE30C7B-7F75-4BD3-ADD0-5D404277EE03}.Debug|Any CPU.Build.0 = Debug|Any CPU
		{5BE30C7B-7F75-4BD3-ADD0-5D404277EE03}.Release|Any CPU.ActiveCfg = Release|Any CPU
		{5BE30C7B-7F75-4BD3-ADD0-5D404277EE03}.Release|Any CPU.Build.0 = Release|Any CPU
		{5D1C7611-CAFB-4ACA-8CCD-88875E448C44}.Debug|Any CPU.ActiveCfg = Debug|Any CPU
		{5D1C7611-CAFB-4ACA-8CCD-88875E448C44}.Debug|Any CPU.Build.0 = Debug|Any CPU
		{5D1C7611-CAFB-4ACA-8CCD-88875E448C44}.Release|Any CPU.ActiveCfg = Release|Any CPU
		{5D1C7611-CAFB-4ACA-8CCD-88875E448C44}.Release|Any CPU.Build.0 = Release|Any CPU
		{FDECFD90-D50E-4F28-9CD2-AF5406078ECD}.Debug|Any CPU.ActiveCfg = Debug|Any CPU
		{FDECFD90-D50E-4F28-9CD2-AF5406078ECD}.Debug|Any CPU.Build.0 = Debug|Any CPU
		{FDECFD90-D50E-4F28-9CD2-AF5406078ECD}.Release|Any CPU.ActiveCfg = Release|Any CPU
		{FDECFD90-D50E-4F28-9CD2-AF5406078ECD}.Release|Any CPU.Build.0 = Release|Any CPU
		{97B0D96D-C4EE-4CDD-A1F9-701D106CBE4E}.Debug|Any CPU.ActiveCfg = Debug|Any CPU
		{97B0D96D-C4EE-4CDD-A1F9-701D106CBE4E}.Debug|Any CPU.Build.0 = Debug|Any CPU
		{97B0D96D-C4EE-4CDD-A1F9-701D106CBE4E}.Release|Any CPU.ActiveCfg = Release|Any CPU
		{97B0D96D-C4EE-4CDD-A1F9-701D106CBE4E}.Release|Any CPU.Build.0 = Release|Any CPU
		{70339D77-1662-447B-81D5-9E40CDE5F02A}.Debug|Any CPU.ActiveCfg = Debug|Any CPU
		{70339D77-1662-447B-81D5-9E40CDE5F02A}.Debug|Any CPU.Build.0 = Debug|Any CPU
		{70339D77-1662-447B-81D5-9E40CDE5F02A}.Release|Any CPU.ActiveCfg = Release|Any CPU
		{70339D77-1662-447B-81D5-9E40CDE5F02A}.Release|Any CPU.Build.0 = Release|Any CPU
		{4B9DA728-B05F-4CBE-96B2-907839AF57C9}.Debug|Any CPU.ActiveCfg = Debug|Any CPU
		{4B9DA728-B05F-4CBE-96B2-907839AF57C9}.Debug|Any CPU.Build.0 = Debug|Any CPU
		{4B9DA728-B05F-4CBE-96B2-907839AF57C9}.Release|Any CPU.ActiveCfg = Release|Any CPU
		{4B9DA728-B05F-4CBE-96B2-907839AF57C9}.Release|Any CPU.Build.0 = Release|Any CPU
		{C812A757-6BBC-4038-AC44-05FE80ED74EF}.Debug|Any CPU.ActiveCfg = Debug|Any CPU
		{C812A757-6BBC-4038-AC44-05FE80ED74EF}.Debug|Any CPU.Build.0 = Debug|Any CPU
		{C812A757-6BBC-4038-AC44-05FE80ED74EF}.Release|Any CPU.ActiveCfg = Release|Any CPU
		{C812A757-6BBC-4038-AC44-05FE80ED74EF}.Release|Any CPU.Build.0 = Release|Any CPU
		{E79A4B55-0AC7-4E93-A3C1-BE7C098448A6}.Debug|Any CPU.ActiveCfg = Debug|Any CPU
		{E79A4B55-0AC7-4E93-A3C1-BE7C098448A6}.Debug|Any CPU.Build.0 = Debug|Any CPU
		{E79A4B55-0AC7-4E93-A3C1-BE7C098448A6}.Release|Any CPU.ActiveCfg = Release|Any CPU
		{E79A4B55-0AC7-4E93-A3C1-BE7C098448A6}.Release|Any CPU.Build.0 = Release|Any CPU
		{9D7A788A-7CE4-4BE9-AF2D-23284A587166}.Debug|Any CPU.ActiveCfg = Debug|Any CPU
		{9D7A788A-7CE4-4BE9-AF2D-23284A587166}.Debug|Any CPU.Build.0 = Debug|Any CPU
		{9D7A788A-7CE4-4BE9-AF2D-23284A587166}.Release|Any CPU.ActiveCfg = Release|Any CPU
		{9D7A788A-7CE4-4BE9-AF2D-23284A587166}.Release|Any CPU.Build.0 = Release|Any CPU
	EndGlobalSection
	GlobalSection(SolutionProperties) = preSolution
		HideSolutionNode = FALSE
	EndGlobalSection
	GlobalSection(NestedProjects) = preSolution
		{66B625FC-7334-4737-B44D-78E3A261F170} = {BEA021D8-6938-4832-89AD-1E31C2499D2A}
		{8D6E6B9F-FB91-4B4D-9AF0-B65EC6CB0300} = {949EE0A4-9B6B-41C0-9598-82A329427626}
		{1F759B0B-4366-40BF-815E-3B4D73464A22} = {689C3D2D-1F9E-4C0D-A139-EC2B52357943}
		{0317BFDC-DB48-4132-B1F1-2B323051A498} = {A9D83249-2C23-4479-8418-EAA5BA38C72D}
		{5BE30C7B-7F75-4BD3-ADD0-5D404277EE03} = {4070B41D-D57E-46F2-80DE-BDE61EF8703B}
		{5D1C7611-CAFB-4ACA-8CCD-88875E448C44} = {5DE9061C-D371-4A5C-899F-06A67F6BFAE8}
		{FDECFD90-D50E-4F28-9CD2-AF5406078ECD} = {912AE0A9-85EB-4D61-AE9C-A12B6A32F874}
		{97B0D96D-C4EE-4CDD-A1F9-701D106CBE4E} = {FDFFCB36-01B4-4571-BB0C-49C3813F4CEB}
		{70339D77-1662-447B-81D5-9E40CDE5F02A} = {3669350A-3E89-40B3-923E-9E1874BEC4FE}
		{4B9DA728-B05F-4CBE-96B2-907839AF57C9} = {9F09CF45-C80B-4B72-96F1-CD03B57D66A7}
		{C812A757-6BBC-4038-AC44-05FE80ED74EF} = {12F8CF5D-7C67-40EA-A4BF-182F94E93418}
		{E79A4B55-0AC7-4E93-A3C1-BE7C098448A6} = {D7391DA2-1D35-4128-9828-398F226F8251}
		{9D7A788A-7CE4-4BE9-AF2D-23284A587166} = {7AA7352D-C9C2-4D41-A69B-0813C1F42DDD}
	EndGlobalSection
	GlobalSection(ExtensibilityGlobals) = postSolution
		SolutionGuid = {7B9640F0-8101-48AC-ABE9-0C52333D9666}
	EndGlobalSection
EndGlobal
